<?xml version="1.0" encoding="utf-8"?>
<Project ToolsVersion="4.0" xmlns="http://schemas.microsoft.com/developer/msbuild/2003">
  <ItemGroup>
    <Filter Include="src">
      <UniqueIdentifier>{5ecb03bc-7652-47d9-9b62-f68715c57cc1}</UniqueIdentifier>
    </Filter>
    <Filter Include="data">
      <UniqueIdentifier>{4a31d067-098a-4b5b-8192-47f5e130df19}</UniqueIdentifier>
    </Filter>
  </ItemGroup>
  <ItemGroup>
    <ClInclude Include="src\App.h">
      <Filter>src</Filter>
    </ClInclude>
  </ItemGroup>
  <ItemGroup>
    <ClCompile Include="src\main.cpp">
      <Filter>src</Filter>
    </ClCompile>
  </ItemGroup>
  <ItemGroup>
    <CopyFileToFolders Include="data\fs.glsl">
      <Filter>data</Filter>
    </CopyFileToFolders>
    <CopyFileToFolders Include="data\texture.tga">
      <Filter>data</Filter>
    </CopyFileToFolders>
    <CopyFileToFolders Include="data\vs.glsl">
      <Filter>data</Filter>
    </CopyFileToFolders>
    <CopyFileToFolders Include="data\world.txt">
      <Filter>data</Filter>
    </CopyFileToFolders>
    <CopyFileToFolders Include="..\gles\libEGL.dll" />
    <CopyFileToFolders Include="..\gles\libGLESv2.dll" />
    <CopyFileToFolders Include="data\image.tga">
      <Filter>data</Filter>
    </CopyFileToFolders>
  </ItemGroup>
</Project>