<?xml version="1.0" encoding="utf-8"?>
<Project ToolsVersion="4.0" xmlns="http://schemas.microsoft.com/developer/msbuild/2003">
  <ItemGroup>
    <Filter Include="src">
      <UniqueIdentifier>{4ff991b1-323e-48a7-88f4-a4ac8d2cf901}</UniqueIdentifier>
    </Filter>
    <Filter Include="common">
      <UniqueIdentifier>{0d5954d0-4d60-4273-8991-7365208e6a9e}</UniqueIdentifier>
    </Filter>
  </ItemGroup>
  <ItemGroup>
    <CopyFileToFolders Include="..\gles\libEGL.dll" />
    <CopyFileToFolders Include="..\gles\libGLESv2.dll" />
  </ItemGroup>
  <ItemGroup>
    <ClInclude Include="src\App.h">
      <Filter>src</Filter>
    </ClInclude>
    <ClInclude Include="..\common\Graphic.h">
      <Filter>common</Filter>
    </ClInclude>
    <ClInclude Include="..\common\Utils.h">
      <Filter>common</Filter>
    </ClInclude>
    <ClInclude Include="..\common\Window.h">
      <Filter>common</Filter>
    </ClInclude>
    <ClInclude Include="..\common\WindowListener.h">
      <Filter>common</Filter>
    </ClInclude>
  </ItemGroup>
  <ItemGroup>
    <ClCompile Include="src\main.cpp">
      <Filter>src</Filter>
    </ClCompile>
  </ItemGroup>
</Project>